
Microsoft Visual Studio Solution File, Format Version 12.00
# Visual Studio Version 16
VisualStudioVersion = 16.0.31313.79
MinimumVisualStudioVersion = 10.0.40219.1
Project("{FAE04EC0-301F-11D3-BF4B-00C04F79EFBC}") = "Artificial_Inteligence_Forum", "Artificial_Inteligence_Forum.csproj", "{8FCF73CF-28AA-481B-81C2-44284E816833}"
EndProject
Global
	GlobalSection(SolutionConfigurationPlatforms) = preSolution
		Debug|Any CPU = Debug|Any CPU
		Release|Any CPU = Release|Any CPU
	EndGlobalSection
	GlobalSection(ProjectConfigurationPlatforms) = postSolution
		{8FCF73CF-28AA-481B-81C2-44284E816833}.Debug|Any CPU.ActiveCfg = Debug|Any CPU
		{8FCF73CF-28AA-481B-81C2-44284E816833}.Debug|Any CPU.Build.0 = Debug|Any CPU
		{8FCF73CF-28AA-481B-81C2-44284E816833}.Release|Any CPU.ActiveCfg = Release|Any CPU
		{8FCF73CF-28AA-481B-81C2-44284E816833}.Release|Any CPU.Build.0 = Release|Any CPU
	EndGlobalSection
	GlobalSection(SolutionProperties) = preSolution
		HideSolutionNode = FALSE
	EndGlobalSection
	GlobalSection(ExtensibilityGlobals) = postSolution
		SolutionGuid = {E5E2C461-119E-42FF-8C01-F0F57522EAA5}
	EndGlobalSection
EndGlobal
